
Microsoft Visual Studio Solution File, Format Version 12.00
# Visual Studio 15
VisualStudioVersion = 15.0.27703.2042
MinimumVisualStudioVersion = 10.0.40219.1
Project("{9A19103F-16F7-4668-BE54-9A1E7A4F7556}") = "UrbanEngine.Web", "UrbanEngine.Web\UrbanEngine.Web.csproj", "{A6CF57BA-E990-4C29-8A9C-6A6B5FA6DA53}"
EndProject
Project("{9A19103F-16F7-4668-BE54-9A1E7A4F7556}") = "UrbanEngine.Core", "UrbanEngine.Core\UrbanEngine.Core.csproj", "{20C15634-7FB0-4333-BE38-140D14CA82A8}"
EndProject
Project("{9A19103F-16F7-4668-BE54-9A1E7A4F7556}") = "UrbanEngine.Infrastructure", "UrbanEngine.Infrastructure\UrbanEngine.Infrastructure.csproj", "{CCE19EE5-1633-4BA4-AB8C-C84DC6B8B2DF}"
EndProject
Project("{9A19103F-16F7-4668-BE54-9A1E7A4F7556}") = "UrbanEngine.Tests", "UrbanEngine.Tests\UrbanEngine.Tests.csproj", "{A6A3457D-C86E-45F0-A963-55FA63C83947}"
EndProject
Project("{2150E333-8FDC-42A3-9474-1A3956D46DE8}") = "Core", "Core", "{0A3F2788-CBC0-4D0F-917B-30BCD6AECE1C}"
EndProject
Project("{2150E333-8FDC-42A3-9474-1A3956D46DE8}") = "Infrastructure", "Infrastructure", "{AACF838B-4D5C-4F0B-9C4B-69AD6D407818}"
EndProject
Project("{2150E333-8FDC-42A3-9474-1A3956D46DE8}") = "Web", "Web", "{8252AE10-D396-4450-B31A-68EE773D2160}"
EndProject
Project("{FAE04EC0-301F-11D3-BF4B-00C04F79EFBC}") = "Application", "Core\Application\Application.csproj", "{1E89CBC9-50DD-4E1D-810B-F960E06DA06B}"
EndProject
Project("{FAE04EC0-301F-11D3-BF4B-00C04F79EFBC}") = "Persistence", "Infrastructure\Persistence\Persistence.csproj", "{04FB89F4-B119-40A4-9850-7315B3BFD5C4}"
EndProject
Project("{2150E333-8FDC-42A3-9474-1A3956D46DE8}") = "Tests", "Tests", "{F3CEE4E2-66FE-4EAC-A501-97460EE751B2}"
EndProject
Project("{FAE04EC0-301F-11D3-BF4B-00C04F79EFBC}") = "Persistence.Tests", "Tests\Persistence.Tests\Persistence.Tests.csproj", "{78D61355-BBA3-4526-ADC1-9F2CC9682D31}"
EndProject
Project("{FAE04EC0-301F-11D3-BF4B-00C04F79EFBC}") = "Application.Tests", "Tests\Application.Tests\Application.Tests.csproj", "{858D1F45-F612-473E-BBD9-4B7EA5296C73}"
EndProject
Project("{FAE04EC0-301F-11D3-BF4B-00C04F79EFBC}") = "Common", "Core\Common\Common.csproj", "{F2475457-239E-442D-9F44-4194B5669E91}"
EndProject
Global
	GlobalSection(SolutionConfigurationPlatforms) = preSolution
		Debug|Any CPU = Debug|Any CPU
		Release|Any CPU = Release|Any CPU
	EndGlobalSection
	GlobalSection(ProjectConfigurationPlatforms) = postSolution
		{A6CF57BA-E990-4C29-8A9C-6A6B5FA6DA53}.Debug|Any CPU.ActiveCfg = Debug|Any CPU
		{A6CF57BA-E990-4C29-8A9C-6A6B5FA6DA53}.Debug|Any CPU.Build.0 = Debug|Any CPU
		{A6CF57BA-E990-4C29-8A9C-6A6B5FA6DA53}.Release|Any CPU.ActiveCfg = Release|Any CPU
		{A6CF57BA-E990-4C29-8A9C-6A6B5FA6DA53}.Release|Any CPU.Build.0 = Release|Any CPU
		{20C15634-7FB0-4333-BE38-140D14CA82A8}.Debug|Any CPU.ActiveCfg = Debug|Any CPU
		{20C15634-7FB0-4333-BE38-140D14CA82A8}.Debug|Any CPU.Build.0 = Debug|Any CPU
		{20C15634-7FB0-4333-BE38-140D14CA82A8}.Release|Any CPU.ActiveCfg = Release|Any CPU
		{20C15634-7FB0-4333-BE38-140D14CA82A8}.Release|Any CPU.Build.0 = Release|Any CPU
		{CCE19EE5-1633-4BA4-AB8C-C84DC6B8B2DF}.Debug|Any CPU.ActiveCfg = Debug|Any CPU
		{CCE19EE5-1633-4BA4-AB8C-C84DC6B8B2DF}.Debug|Any CPU.Build.0 = Debug|Any CPU
		{CCE19EE5-1633-4BA4-AB8C-C84DC6B8B2DF}.Release|Any CPU.ActiveCfg = Release|Any CPU
		{CCE19EE5-1633-4BA4-AB8C-C84DC6B8B2DF}.Release|Any CPU.Build.0 = Release|Any CPU
		{A6A3457D-C86E-45F0-A963-55FA63C83947}.Debug|Any CPU.ActiveCfg = Debug|Any CPU
		{A6A3457D-C86E-45F0-A963-55FA63C83947}.Debug|Any CPU.Build.0 = Debug|Any CPU
		{A6A3457D-C86E-45F0-A963-55FA63C83947}.Release|Any CPU.ActiveCfg = Release|Any CPU
		{A6A3457D-C86E-45F0-A963-55FA63C83947}.Release|Any CPU.Build.0 = Release|Any CPU
		{1E89CBC9-50DD-4E1D-810B-F960E06DA06B}.Debug|Any CPU.ActiveCfg = Debug|Any CPU
		{1E89CBC9-50DD-4E1D-810B-F960E06DA06B}.Debug|Any CPU.Build.0 = Debug|Any CPU
		{1E89CBC9-50DD-4E1D-810B-F960E06DA06B}.Release|Any CPU.ActiveCfg = Release|Any CPU
		{1E89CBC9-50DD-4E1D-810B-F960E06DA06B}.Release|Any CPU.Build.0 = Release|Any CPU
		{04FB89F4-B119-40A4-9850-7315B3BFD5C4}.Debug|Any CPU.ActiveCfg = Debug|Any CPU
		{04FB89F4-B119-40A4-9850-7315B3BFD5C4}.Debug|Any CPU.Build.0 = Debug|Any CPU
		{04FB89F4-B119-40A4-9850-7315B3BFD5C4}.Release|Any CPU.ActiveCfg = Release|Any CPU
		{04FB89F4-B119-40A4-9850-7315B3BFD5C4}.Release|Any CPU.Build.0 = Release|Any CPU
		{78D61355-BBA3-4526-ADC1-9F2CC9682D31}.Debug|Any CPU.ActiveCfg = Debug|Any CPU
		{78D61355-BBA3-4526-ADC1-9F2CC9682D31}.Debug|Any CPU.Build.0 = Debug|Any CPU
		{78D61355-BBA3-4526-ADC1-9F2CC9682D31}.Release|Any CPU.ActiveCfg = Release|Any CPU
		{78D61355-BBA3-4526-ADC1-9F2CC9682D31}.Release|Any CPU.Build.0 = Release|Any CPU
		{858D1F45-F612-473E-BBD9-4B7EA5296C73}.Debug|Any CPU.ActiveCfg = Debug|Any CPU
		{858D1F45-F612-473E-BBD9-4B7EA5296C73}.Debug|Any CPU.Build.0 = Debug|Any CPU
		{858D1F45-F612-473E-BBD9-4B7EA5296C73}.Release|Any CPU.ActiveCfg = Release|Any CPU
		{858D1F45-F612-473E-BBD9-4B7EA5296C73}.Release|Any CPU.Build.0 = Release|Any CPU
		{F2475457-239E-442D-9F44-4194B5669E91}.Debug|Any CPU.ActiveCfg = Debug|Any CPU
		{F2475457-239E-442D-9F44-4194B5669E91}.Debug|Any CPU.Build.0 = Debug|Any CPU
		{F2475457-239E-442D-9F44-4194B5669E91}.Release|Any CPU.ActiveCfg = Release|Any CPU
		{F2475457-239E-442D-9F44-4194B5669E91}.Release|Any CPU.Build.0 = Release|Any CPU
	EndGlobalSection
	GlobalSection(SolutionProperties) = preSolution
		HideSolutionNode = FALSE
	EndGlobalSection
	GlobalSection(NestedProjects) = preSolution
		{1E89CBC9-50DD-4E1D-810B-F960E06DA06B} = {0A3F2788-CBC0-4D0F-917B-30BCD6AECE1C}
		{04FB89F4-B119-40A4-9850-7315B3BFD5C4} = {AACF838B-4D5C-4F0B-9C4B-69AD6D407818}
		{78D61355-BBA3-4526-ADC1-9F2CC9682D31} = {F3CEE4E2-66FE-4EAC-A501-97460EE751B2}
		{858D1F45-F612-473E-BBD9-4B7EA5296C73} = {F3CEE4E2-66FE-4EAC-A501-97460EE751B2}
		{F2475457-239E-442D-9F44-4194B5669E91} = {0A3F2788-CBC0-4D0F-917B-30BCD6AECE1C}
	EndGlobalSection
	GlobalSection(ExtensibilityGlobals) = postSolution
		SolutionGuid = {22462567-607B-446A-A371-6454A18F401F}
	EndGlobalSection
EndGlobal
